
Microsoft Visual Studio Solution File, Format Version 12.00
# Visual Studio 15
VisualStudioVersion = 15.0.27703.2042
MinimumVisualStudioVersion = 10.0.40219.1
Project("{FAE04EC0-301F-11D3-BF4B-00C04F79EFBC}") = "Ch8-P4-InterfaceHierarchy", "Ch8-P4-InterfaceHierarchy\Ch8-P4-InterfaceHierarchy.csproj", "{5E496C4A-A219-46D0-8B80-215692291862}"
EndProject
Global
	GlobalSection(SolutionConfigurationPlatforms) = preSolution
		Debug|Any CPU = Debug|Any CPU
		Release|Any CPU = Release|Any CPU
	EndGlobalSection
	GlobalSection(ProjectConfigurationPlatforms) = postSolution
		{5E496C4A-A219-46D0-8B80-215692291862}.Debug|Any CPU.ActiveCfg = Debug|Any CPU
		{5E496C4A-A219-46D0-8B80-215692291862}.Debug|Any CPU.Build.0 = Debug|Any CPU
		{5E496C4A-A219-46D0-8B80-215692291862}.Release|Any CPU.ActiveCfg = Release|Any CPU
		{5E496C4A-A219-46D0-8B80-215692291862}.Release|Any CPU.Build.0 = Release|Any CPU
	EndGlobalSection
	GlobalSection(SolutionProperties) = preSolution
		HideSolutionNode = FALSE
	EndGlobalSection
	GlobalSection(ExtensibilityGlobals) = postSolution
		SolutionGuid = {E595E1EB-E3CE-4633-9404-E4B8B9774ADF}
	EndGlobalSection
EndGlobal
